
Microsoft Visual Studio Solution File, Format Version 12.00
# Visual Studio Version 17
VisualStudioVersion = 17.8.34309.116
MinimumVisualStudioVersion = 10.0.40219.1
Project("{9A19103F-16F7-4668-BE54-9A1E7A4F7556}") = "Views", "Views\Views.csproj", "{D3A85F77-D097-4177-AF78-43D320F638B9}"
EndProject
Project("{9A19103F-16F7-4668-BE54-9A1E7A4F7556}") = "Models", "Models\Models.csproj", "{8E236001-CED1-4F30-872E-0DA051D8C481}"
EndProject
Project("{9A19103F-16F7-4668-BE54-9A1E7A4F7556}") = "Services", "Services\Services.csproj", "{E3DA7684-5C5D-4ECE-B8F7-870875932FBE}"
EndProject
Global
	GlobalSection(SolutionConfigurationPlatforms) = preSolution
		Debug|Any CPU = Debug|Any CPU
		Release|Any CPU = Release|Any CPU
	EndGlobalSection
	GlobalSection(ProjectConfigurationPlatforms) = postSolution
		{D3A85F77-D097-4177-AF78-43D320F638B9}.Debug|Any CPU.ActiveCfg = Debug|Any CPU
		{D3A85F77-D097-4177-AF78-43D320F638B9}.Debug|Any CPU.Build.0 = Debug|Any CPU
		{D3A85F77-D097-4177-AF78-43D320F638B9}.Release|Any CPU.ActiveCfg = Release|Any CPU
		{D3A85F77-D097-4177-AF78-43D320F638B9}.Release|Any CPU.Build.0 = Release|Any CPU
		{8E236001-CED1-4F30-872E-0DA051D8C481}.Debug|Any CPU.ActiveCfg = Debug|Any CPU
		{8E236001-CED1-4F30-872E-0DA051D8C481}.Debug|Any CPU.Build.0 = Debug|Any CPU
		{8E236001-CED1-4F30-872E-0DA051D8C481}.Release|Any CPU.ActiveCfg = Release|Any CPU
		{8E236001-CED1-4F30-872E-0DA051D8C481}.Release|Any CPU.Build.0 = Release|Any CPU
		{E3DA7684-5C5D-4ECE-B8F7-870875932FBE}.Debug|Any CPU.ActiveCfg = Debug|Any CPU
		{E3DA7684-5C5D-4ECE-B8F7-870875932FBE}.Debug|Any CPU.Build.0 = Debug|Any CPU
		{E3DA7684-5C5D-4ECE-B8F7-870875932FBE}.Release|Any CPU.ActiveCfg = Release|Any CPU
		{E3DA7684-5C5D-4ECE-B8F7-870875932FBE}.Release|Any CPU.Build.0 = Release|Any CPU
	EndGlobalSection
	GlobalSection(SolutionProperties) = preSolution
		HideSolutionNode = FALSE
	EndGlobalSection
	GlobalSection(ExtensibilityGlobals) = postSolution
		SolutionGuid = {95D51B8B-8CF8-48D0-B7F7-38007DF95EB2}
	EndGlobalSection
EndGlobal
